<?xml version="1.0" encoding="utf-8"?>
<Project ToolsVersion="4.0" xmlns="http://schemas.microsoft.com/developer/msbuild/2003">
  <ItemGroup>
    <Filter Include="Source Files">
      <UniqueIdentifier>{4FC737F1-C7A5-4376-A066-2A32D752A2FF}</UniqueIdentifier>
      <Extensions>cpp;c;cc;cxx;c++;cppm;ixx;def;odl;idl;hpj;bat;asm;asmx</Extensions>
    </Filter>
    <Filter Include="Header Files">
      <UniqueIdentifier>{93995380-89BD-4b04-88EB-625FBE52EBFB}</UniqueIdentifier>
      <Extensions>h;hh;hpp;hxx;h++;hm;inl;inc;ipp;xsd</Extensions>
    </Filter>
  </ItemGroup>
  <ItemGroup>
    <ClCompile Include="..\Engine\Crypto.c">
      <Filter>Source Files</Filter>
    </ClCompile>
    <ClCompile Include="..\Engine\RunPE.c">
      <Filter>Source Files</Filter>
    </ClCompile>
    <ClCompile Include="Stub.cpp">
      <Filter>Source Files</Filter>
    </ClCompile>
    <ClCompile Include="Common.c">
      <Filter>Source Files</Filter>
    </ClCompile>
    <ClCompile Include="ApiHashing.cpp">
      <Filter>Source Files</Filter>
    </ClCompile>
    <ClCompile Include="Payload.c">
      <Filter>Source Files</Filter>
    </ClCompile>
    <ClCompile Include="Opsec.c">
      <Filter>Source Files</Filter>
    </ClCompile>
    <ClCompile Include="StubNtApi.c">
      <Filter>Source Files</Filter>
    </ClCompile>
    <ClCompile Include="Syscalls.c">
      <Filter>Source Files</Filter>
    </ClCompile>
    <ClCompile Include="ModuleStomping.c">
      <Filter>Source Files</Filter>
    </ClCompile>
    <ClCompile Include="..\Engine\Xtea.c">
      <Filter>Source Files</Filter>
    </ClCompile>
    <ClCompile Include="Evasion.cpp">
      <Filter>Source Files</Filter>
    </ClCompile>
    <ClCompile Include="TlsCallback.c">
      <Filter>Source Files</Filter>
    </ClCompile>
    <ClCompile Include="Unhooker.c">
      <Filter>Source Files</Filter>
    </ClCompile>
    <ClCompile Include="StackSpoof.c">
      <Filter>Source Files</Filter>
    </ClCompile>
  </ItemGroup>
  <ItemGroup>
    <ClInclude Include="..\Engine\Crypto.h">
      <Filter>Header Files</Filter>
    </ClInclude>
    <ClInclude Include="..\Engine\Compression.h">
      <Filter>Header Files</Filter>
    </ClInclude>
    <ClInclude Include="..\Engine\RunPE.h">
      <Filter>Header Files</Filter>
    </ClInclude>
    <ClInclude Include="..\Engine\NtApi.h">
      <Filter>Header Files</Filter>
    </ClInclude>
    <ClInclude Include="Common.h">
      <Filter>Header Files</Filter>
    </ClInclude>
    <ClInclude Include="ApiHashing.h">
      <Filter>Header Files</Filter>
    </ClInclude>
    <ClInclude Include="Payload.h">
      <Filter>Header Files</Filter>
    </ClInclude>
    <ClInclude Include="Opsec.h">
      <Filter>Header Files</Filter>
    </ClInclude>
    <ClInclude Include="Structs.h">
      <Filter>Header Files</Filter>
    </ClInclude>
    <ClInclude Include="Syscalls.h">
      <Filter>Header Files</Filter>
    </ClInclude>
    <ClInclude Include="ModuleStomping.h">
      <Filter>Header Files</Filter>
    </ClInclude>
    <ClInclude Include="..\Engine\Xtea.h">
      <Filter>Header Files</Filter>
    </ClInclude>
    <ClInclude Include="Evasion.h">
      <Filter>Header Files</Filter>
    </ClInclude>
    <ClInclude Include="..\Engine\OpsecFlags.h">
      <Filter>Header Files</Filter>
    </ClInclude>
    <ClInclude Include="Unhooker.h">
      <Filter>Header Files</Filter>
    </ClInclude>
    <ClInclude Include="StackSpoof.h">
      <Filter>Header Files</Filter>
    </ClInclude>
  </ItemGroup>
  <ItemGroup>
    <MASM Include="HellsHall.asm">
      <Filter>Source Files</Filter>
    </MASM>
  </ItemGroup>
</Project>